
Microsoft Visual Studio Solution File, Format Version 12.00
# Visual Studio Version 16
VisualStudioVersion = 16.0.31112.23
MinimumVisualStudioVersion = 10.0.40219.1
Project("{8BC9CEB8-8B4A-11D0-8D11-00A0C91BC942}") = "week12-문자열02", "week12-문자열02\week12-문자열02.vcxproj", "{86C48799-EE37-495B-9194-510F5FF810B0}"
EndProject
Global
	GlobalSection(SolutionConfigurationPlatforms) = preSolution
		Debug|x64 = Debug|x64
		Debug|x86 = Debug|x86
		Release|x64 = Release|x64
		Release|x86 = Release|x86
	EndGlobalSection
	GlobalSection(ProjectConfigurationPlatforms) = postSolution
		{86C48799-EE37-495B-9194-510F5FF810B0}.Debug|x64.ActiveCfg = Debug|x64
		{86C48799-EE37-495B-9194-510F5FF810B0}.Debug|x64.Build.0 = Debug|x64
		{86C48799-EE37-495B-9194-510F5FF810B0}.Debug|x86.ActiveCfg = Debug|Win32
		{86C48799-EE37-495B-9194-510F5FF810B0}.Debug|x86.Build.0 = Debug|Win32
		{86C48799-EE37-495B-9194-510F5FF810B0}.Release|x64.ActiveCfg = Release|x64
		{86C48799-EE37-495B-9194-510F5FF810B0}.Release|x64.Build.0 = Release|x64
		{86C48799-EE37-495B-9194-510F5FF810B0}.Release|x86.ActiveCfg = Release|Win32
		{86C48799-EE37-495B-9194-510F5FF810B0}.Release|x86.Build.0 = Release|Win32
	EndGlobalSection
	GlobalSection(SolutionProperties) = preSolution
		HideSolutionNode = FALSE
	EndGlobalSection
	GlobalSection(ExtensibilityGlobals) = postSolution
		SolutionGuid = {37C48036-13B7-486D-9CDC-82A9EDAE9897}
	EndGlobalSection
EndGlobal
